
Microsoft Visual Studio Solution File, Format Version 12.00
# Visual Studio 15
Project("{FAE04EC0-301F-11D3-BF4B-00C04F79EFBC}") = "app", "app\app.csproj", "{D636E13C-DE61-4674-AFD5-64E5C44ED15B}"
EndProject
Global
	GlobalSection(SolutionConfigurationPlatforms) = preSolution
		Debug|Any CPU = Debug|Any CPU
		Release|Any CPU = Release|Any CPU
	EndGlobalSection
	GlobalSection(ProjectConfigurationPlatforms) = postSolution
		{D636E13C-DE61-4674-AFD5-64E5C44ED15B}.Debug|Any CPU.ActiveCfg = Debug|Any CPU
		{D636E13C-DE61-4674-AFD5-64E5C44ED15B}.Debug|Any CPU.Build.0 = Debug|Any CPU
		{D636E13C-DE61-4674-AFD5-64E5C44ED15B}.Release|Any CPU.ActiveCfg = Release|Any CPU
		{D636E13C-DE61-4674-AFD5-64E5C44ED15B}.Release|Any CPU.Build.0 = Release|Any CPU
	EndGlobalSection
EndGlobal
